dependencies:
  epdiy:
    component_hash: 166d74eb7da6226c6a3b1fcb908f7070dc9014c5240cd985530401ce5a6db6d2
    dependencies: []
    source:
      git: https://github.com/imhy123/epdiy.git
      path: .
      type: git
    version: 84830d2245d92e3806bfd9fab324c02d92b62776
  idf:
    source:
      type: idf
    version: 6.0.1
direct_dependencies:
- epdiy
manifest_hash: 84898404fe590c62d0a6913577b5bf8b3ef2724808e6af36a64a5912b1d92c2f
target: esp32s3
version: 3.0.0
